
Microsoft Visual Studio Solution File, Format Version 12.00
Project("{FAE04EC0-301F-11D3-BF4B-00C04F79EFBC}") = "ProgrammingTeacher", "ProgrammingTeacher\ProgrammingTeacher.csproj", "{155C5F6E-923E-4CB7-9501-47DD8CF9AA1C}"
EndProject
Global
	GlobalSection(SolutionConfigurationPlatforms) = preSolution
		Debug|Any CPU = Debug|Any CPU
		Release|Any CPU = Release|Any CPU
	EndGlobalSection
	GlobalSection(ProjectConfigurationPlatforms) = postSolution
		{155C5F6E-923E-4CB7-9501-47DD8CF9AA1C}.Debug|Any CPU.ActiveCfg = Debug|Any CPU
		{155C5F6E-923E-4CB7-9501-47DD8CF9AA1C}.Debug|Any CPU.Build.0 = Debug|Any CPU
		{155C5F6E-923E-4CB7-9501-47DD8CF9AA1C}.Release|Any CPU.ActiveCfg = Release|Any CPU
		{155C5F6E-923E-4CB7-9501-47DD8CF9AA1C}.Release|Any CPU.Build.0 = Release|Any CPU
	EndGlobalSection
EndGlobal
